
Microsoft Visual Studio Solution File, Format Version 12.00
# Visual Studio Version 16
VisualStudioVersion = 16.0.30204.135
MinimumVisualStudioVersion = 10.0.40219.1
Project("{FAE04EC0-301F-11D3-BF4B-00C04F79EFBC}") = "Mercado", "Mercado\Mercado.csproj", "{BDE65875-91B6-4328-843A-8653FC2219BF}"
EndProject
Global
	GlobalSection(SolutionConfigurationPlatforms) = preSolution
		Debug|Any CPU = Debug|Any CPU
		Release|Any CPU = Release|Any CPU
	EndGlobalSection
	GlobalSection(ProjectConfigurationPlatforms) = postSolution
		{BDE65875-91B6-4328-843A-8653FC2219BF}.Debug|Any CPU.ActiveCfg = Debug|Any CPU
		{BDE65875-91B6-4328-843A-8653FC2219BF}.Debug|Any CPU.Build.0 = Debug|Any CPU
		{BDE65875-91B6-4328-843A-8653FC2219BF}.Release|Any CPU.ActiveCfg = Release|Any CPU
		{BDE65875-91B6-4328-843A-8653FC2219BF}.Release|Any CPU.Build.0 = Release|Any CPU
	EndGlobalSection
	GlobalSection(SolutionProperties) = preSolution
		HideSolutionNode = FALSE
	EndGlobalSection
	GlobalSection(ExtensibilityGlobals) = postSolution
		SolutionGuid = {E0788BE1-4B13-442B-8566-8A5F357CD2CC}
	EndGlobalSection
EndGlobal
